// !$*UTF8*$!
{
	archiveVersion = 1;
	classes = {
	};
	objectVersion = 55;
	objects = {

/* Begin PBXBuildFile section */
		0477F56628BBAA00007F0631 /* AppDelegate.swift in Sources */ = {isa = PBXBuildFile; fileRef = 0477F56528BBAA00007F0631 /* AppDelegate.swift */; };
		0477F56828BBAA00007F0631 /* SceneDelegate.swift in Sources */ = {isa = PBXBuildFile; fileRef = 0477F56728BBAA00007F0631 /* SceneDelegate.swift */; };
		0477F56A28BBAA00007F0631 /* ViewController.swift in Sources */ = {isa = PBXBuildFile; fileRef = 0477F56928BBAA00007F0631 /* ViewController.swift */; };
		0477F56D28BBAA00007F0631 /* Main.storyboard in Resources */ = {isa = PBXBuildFile; fileRef = 0477F56B28BBAA00007F0631 /* Main.storyboard */; };
		0477F56F28BBAA02007F0631 /* Assets.xcassets in Resources */ = {isa = PBXBuildFile; fileRef = 0477F56E28BBAA02007F0631 /* Assets.xcassets */; };
		0477F57228BBAA02007F0631 /* LaunchScreen.storyboard in Resources */ = {isa = PBXBuildFile; fileRef = 0477F57028BBAA02007F0631 /* LaunchScreen.storyboard */; };
		0477F57D28BBAA02007F0631 /* OrderFoodTests.swift in Sources */ = {isa = PBXBuildFile; fileRef = 0477F57C28BBAA02007F0631 /* OrderFoodTests.swift */; };
		0477F58728BBAA02007F0631 /* OrderFoodUITests.swift in Sources */ = {isa = PBXBuildFile; fileRef = 0477F58628BBAA02007F0631 /* OrderFoodUITests.swift */; };
		0477F58928BBAA02007F0631 /* OrderFoodUITestsLaunchTests.swift in Sources */ = {isa = PBXBuildFile; fileRef = 0477F58828BBAA02007F0631 /* OrderFoodUITestsLaunchTests.swift */; };
/* End PBXBuildFile section */

/* Begin PBXContainerItemProxy section */
		0477F57928BBAA02007F0631 /* PBXContainerItemProxy */ = {
			isa = PBXContainerItemProxy;
			containerPortal = 0477F55A28BBAA00007F0631 /* Project object */;
			proxyType = 1;
			remoteGlobalIDString = 0477F56128BBAA00007F0631;
			remoteInfo = OrderFood;
		};
		0477F58328BBAA02007F0631 /* PBXContainerItemProxy */ = {
			isa = PBXContainerItemProxy;
			containerPortal = 0477F55A28BBAA00007F0631 /* Project object */;
			proxyType = 1;
			remoteGlobalIDString = 0477F56128BBAA00007F0631;
			remoteInfo = OrderFood;
		};
/* End PBXContainerItemProxy section */

/* Begin PBXFileReference section */
		0477F56228BBAA00007F0631 /* OrderFood.app */ = {isa = PBXFileReference; explicitFileType = wrapper.application; includeInIndex = 0; path = OrderFood.app; sourceTree = BUILT_PRODUCTS_DIR; };
		0477F56528BBAA00007F0631 /* AppDelegate.swift */ = {isa = PBXFileReference; lastKnownFileType = sourcecode.swift; path = AppDelegate.swift; sourceTree = "<group>"; };
		0477F56728BBAA00007F0631 /* SceneDelegate.swift */ = {isa = PBXFileReference; lastKnownFileType = sourcecode.swift; path = SceneDelegate.swift; sourceTree = "<group>"; };
		0477F56928BBAA00007F0631 /* ViewController.swift */ = {isa = PBXFileReference; lastKnownFileType = sourcecode.swift; path = ViewController.swift; sourceTree = "<group>"; };
		0477F56C28BBAA00007F0631 /* Base */ = {isa = PBXFileReference; lastKnownFileType = file.storyboard; name = Base; path = Base.lproj/Main.storyboard; sourceTree = "<group>"; };
		0477F56E28BBAA02007F0631 /* Assets.xcassets */ = {isa = PBXFileReference; lastKnownFileType = folder.assetcatalog; path = Assets.xcassets; sourceTree = "<group>"; };
		0477F57128BBAA02007F0631 /* Base */ = {isa = PBXFileReference; lastKnownFileType = file.storyboard; name = Base; path = Base.lproj/LaunchScreen.storyboard; sourceTree = "<group>"; };
		0477F57328BBAA02007F0631 /* Info.plist */ = {isa = PBXFileReference; lastKnownFileType = text.plist.xml; path = Info.plist; sourceTree = "<group>"; };
		0477F57828BBAA02007F0631 /* OrderFoodTests.xctest */ = {isa = PBXFileReference; explicitFileType = wrapper.cfbundle; includeInIndex = 0; path = OrderFoodTests.xctest; sourceTree = BUILT_PRODUCTS_DIR; };
		0477F57C28BBAA02007F0631 /* OrderFoodTests.swift */ = {isa = PBXFileReference; lastKnownFileType = sourcecode.swift; path = OrderFoodTests.swift; sourceTree = "<group>"; };
		0477F58228BBAA02007F0631 /* OrderFoodUITests.xctest */ = {isa = PBXFileReference; explicitFileType = wrapper.cfbundle; includeInIndex = 0; path = OrderFoodUITests.xctest; sourceTree = BUILT_PRODUCTS_DIR; };
		0477F58628BBAA02007F0631 /* OrderFoodUITests.swift */ = {isa = PBXFileReference; lastKnownFileType = sourcecode.swift; path = OrderFoodUITests.swift; sourceTree = "<group>"; };
		0477F58828BBAA02007F0631 /* OrderFoodUITestsLaunchTests.swift */ = {isa = PBXFileReference; lastKnownFileType = sourcecode.swift; path = OrderFoodUITestsLaunchTests.swift; sourceTree = "<group>"; };
/* End PBXFileReference section */

/* Begin PBXFrameworksBuildPhase section */
		0477F55F28BBAA00007F0631 /* Frameworks */ = {
			isa = PBXFrameworksBuildPhase;
			buildActionMask = 2147483647;
			files = (
			);
			runOnlyForDeploymentPostprocessing = 0;
		};
		0477F57528BBAA02007F0631 /* Frameworks */ = {
			isa = PBXFrameworksBuildPhase;
			buildActionMask = 2147483647;
			files = (
			);
			runOnlyForDeploymentPostprocessing = 0;
		};
		0477F57F28BBAA02007F0631 /* Frameworks */ = {
			isa = PBXFrameworksBuildPhase;
			buildActionMask = 2147483647;
			files = (
			);
			runOnlyForDeploymentPostprocessing = 0;
		};
/* End PBXFrameworksBuildPhase section */

/* Begin PBXGroup section */
		0477F55928BBAA00007F0631 = {
			isa = PBXGroup;
			children = (
				0477F56428BBAA00007F0631 /* OrderFood */,
				0477F57B28BBAA02007F0631 /* OrderFoodTests */,
				0477F58528BBAA02007F0631 /* OrderFoodUITests */,
				0477F56328BBAA00007F0631 /* Products */,
			);
			sourceTree = "<group>";
		};
		0477F56328BBAA00007F0631 /* Products */ = {
			isa = PBXGroup;
			children = (
				0477F56228BBAA00007F0631 /* OrderFood.app */,
				0477F57828BBAA02007F0631 /* OrderFoodTests.xctest */,
				0477F58228BBAA02007F0631 /* OrderFoodUITests.xctest */,
			);
			name = Products;
			sourceTree = "<group>";
		};
		0477F56428BBAA00007F0631 /* OrderFood */ = {
			isa = PBXGroup;
			children = (
				0477F56528BBAA00007F0631 /* AppDelegate.swift */,
				0477F56728BBAA00007F0631 /* SceneDelegate.swift */,
				0477F56928BBAA00007F0631 /* ViewController.swift */,
				0477F56B28BBAA00007F0631 /* Main.storyboard */,
				0477F56E28BBAA02007F0631 /* Assets.xcassets */,
				0477F57028BBAA02007F0631 /* LaunchScreen.storyboard */,
				0477F57328BBAA02007F0631 /* Info.plist */,
			);
			path = OrderFood;
			sourceTree = "<group>";
		};
		0477F57B28BBAA02007F0631 /* OrderFoodTests */ = {
			isa = PBXGroup;
			children = (
				0477F57C28BBAA02007F0631 /* OrderFoodTests.swift */,
			);
			path = OrderFoodTests;
			sourceTree = "<group>";
		};
		0477F58528BBAA02007F0631 /* OrderFoodUITests */ = {
			isa = PBXGroup;
			children = (
				0477F58628BBAA02007F0631 /* OrderFoodUITests.swift */,
				0477F58828BBAA02007F0631 /* OrderFoodUITestsLaunchTests.swift */,
			);
			path = OrderFoodUITests;
			sourceTree = "<group>";
		};
/* End PBXGroup section */

/* Begin PBXNativeTarget section */
		0477F56128BBAA00007F0631 /* OrderFood */ = {
			isa = PBXNativeTarget;
			buildConfigurationList = 0477F58C28BBAA02007F0631 /* Build configuration list for PBXNativeTarget "OrderFood" */;
			buildPhases = (
				0477F55E28BBAA00007F0631 /* Sources */,
				0477F55F28BBAA00007F0631 /* Frameworks */,
				0477F56028BBAA00007F0631 /* Resources */,
			);
			buildRules = (
			);
			dependencies = (
			);
			name = OrderFood;
			productName = OrderFood;
			productReference = 0477F56228BBAA00007F0631 /* OrderFood.app */;
			productType = "com.apple.product-type.application";
		};
		0477F57728BBAA02007F0631 /* OrderFoodTests */ = {
			isa = PBXNativeTarget;
			buildConfigurationList = 0477F58F28BBAA02007F0631 /* Build configuration list for PBXNativeTarget "OrderFoodTests" */;
			buildPhases = (
				0477F57428BBAA02007F0631 /* Sources */,
				0477F57528BBAA02007F0631 /* Frameworks */,
				0477F57628BBAA02007F0631 /* Resources */,
			);
			buildRules = (
			);
			dependencies = (
				0477F57A28BBAA02007F0631 /* PBXTargetDependency */,
			);
			name = OrderFoodTests;
			productName = OrderFoodTests;
			productReference = 0477F57828BBAA02007F0631 /* OrderFoodTests.xctest */;
			productType = "com.apple.product-type.bundle.unit-test";
		};
		0477F58128BBAA02007F0631 /* OrderFoodUITests */ = {
			isa = PBXNativeTarget;
			buildConfigurationList = 0477F59228BBAA02007F0631 /* Build configuration list for PBXNativeTarget "OrderFoodUITests" */;
			buildPhases = (
				0477F57E28BBAA02007F0631 /* Sources */,
				0477F57F28BBAA02007F0631 /* Frameworks */,
				0477F58028BBAA02007F0631 /* Resources */,
			);
			buildRules = (
			);
			dependencies = (
				0477F58428BBAA02007F0631 /* PBXTargetDependency */,
			);
			name = OrderFoodUITests;
			productName = OrderFoodUITests;
			productReference = 0477F58228BBAA02007F0631 /* OrderFoodUITests.xctest */;
			productType = "com.apple.product-type.bundle.ui-testing";
		};
/* End PBXNativeTarget section */

/* Begin PBXProject section */
		0477F55A28BBAA00007F0631 /* Project object */ = {
			isa = PBXProject;
			attributes = {
				BuildIndependentTargetsInParallel = 1;
				LastSwiftUpdateCheck = 1340;
				LastUpgradeCheck = 1340;
				TargetAttributes = {
					0477F56128BBAA00007F0631 = {
						CreatedOnToolsVersion = 13.4.1;
					};
					0477F57728BBAA02007F0631 = {
						CreatedOnToolsVersion = 13.4.1;
						TestTargetID = 0477F56128BBAA00007F0631;
					};
					0477F58128BBAA02007F0631 = {
						CreatedOnToolsVersion = 13.4.1;
						TestTargetID = 0477F56128BBAA00007F0631;
					};
				};
			};
			buildConfigurationList = 0477F55D28BBAA00007F0631 /* Build configuration list for PBXProject "OrderFood" */;
			compatibilityVersion = "Xcode 13.0";
			developmentRegion = en;
			hasScannedForEncodings = 0;
			knownRegions = (
				en,
				Base,
			);
			mainGroup = 0477F55928BBAA00007F0631;
			productRefGroup = 0477F56328BBAA00007F0631 /* Products */;
			projectDirPath = "";
			projectRoot = "";
			targets = (
				0477F56128BBAA00007F0631 /* OrderFood */,
				0477F57728BBAA02007F0631 /* OrderFoodTests */,
				0477F58128BBAA02007F0631 /* OrderFoodUITests */,
			);
		};
/* End PBXProject section */

/* Begin PBXResourcesBuildPhase section */
		0477F56028BBAA00007F0631 /* Resources */ = {
			isa = PBXResourcesBuildPhase;
			buildActionMask = 2147483647;
			files = (
				0477F57228BBAA02007F0631 /* LaunchScreen.storyboard in Resources */,
				0477F56F28BBAA02007F0631 /* Assets.xcassets in Resources */,
				0477F56D28BBAA00007F0631 /* Main.storyboard in Resources */,
			);
			runOnlyForDeploymentPostprocessing = 0;
		};
		0477F57628BBAA02007F0631 /* Resources */ = {
			isa = PBXResourcesBuildPhase;
			buildActionMask = 2147483647;
			files = (
			);
			runOnlyForDeploymentPostprocessing = 0;
		};
		0477F58028BBAA02007F0631 /* Resources */ = {
			isa = PBXResourcesBuildPhase;
			buildActionMask = 2147483647;
			files = (
			);
			runOnlyForDeploymentPostprocessing = 0;
		};
/* End PBXResourcesBuildPhase section */

/* Begin PBXSourcesBuildPhase section */
		0477F55E28BBAA00007F0631 /* Sources */ = {
			isa = PBXSourcesBuildPhase;
			buildActionMask = 2147483647;
			files = (
				0477F56A28BBAA00007F0631 /* ViewController.swift in Sources */,
				0477F56628BBAA00007F0631 /* AppDelegate.swift in Sources */,
				0477F56828BBAA00007F0631 /* SceneDelegate.swift in Sources */,
			);
			runOnlyForDeploymentPostprocessing = 0;
		};
		0477F57428BBAA02007F0631 /* Sources */ = {
			isa = PBXSourcesBuildPhase;
			buildActionMask = 2147483647;
			files = (
				0477F57D28BBAA02007F0631 /* OrderFoodTests.swift in Sources */,
			);
			runOnlyForDeploymentPostprocessing = 0;
		};
		0477F57E28BBAA02007F0631 /* Sources */ = {
			isa = PBXSourcesBuildPhase;
			buildActionMask = 2147483647;
			files = (
				0477F58728BBAA02007F0631 /* OrderFoodUITests.swift in Sources */,
				0477F58928BBAA02007F0631 /* OrderFoodUITestsLaunchTests.swift in Sources */,
			);
			runOnlyForDeploymentPostprocessing = 0;
		};
/* End PBXSourcesBuildPhase section */

/* Begin PBXTargetDependency section */
		0477F57A28BBAA02007F0631 /* PBXTargetDependency */ = {
			isa = PBXTargetDependency;
			target = 0477F56128BBAA00007F0631 /* OrderFood */;
			targetProxy = 0477F57928BBAA02007F0631 /* PBXContainerItemProxy */;
		};
		0477F58428BBAA02007F0631 /* PBXTargetDependency */ = {
			isa = PBXTargetDependency;
			target = 0477F56128BBAA00007F0631 /* OrderFood */;
			targetProxy = 0477F58328BBAA02007F0631 /* PBXContainerItemProxy */;
		};
/* End PBXTargetDependency section */

/* Begin PBXVariantGroup section */
		0477F56B28BBAA00007F0631 /* Main.storyboard */ = {
			isa = PBXVariantGroup;
			children = (
				0477F56C28BBAA00007F0631 /* Base */,
			);
			name = Main.storyboard;
			sourceTree = "<group>";
		};
		0477F57028BBAA02007F0631 /* LaunchScreen.storyboard */ = {
			isa = PBXVariantGroup;
			children = (
				0477F57128BBAA02007F0631 /* Base */,
			);
			name = LaunchScreen.storyboard;
			sourceTree = "<group>";
		};
/* End PBXVariantGroup section */

/* Begin XCBuildConfiguration section */
		0477F58A28BBAA02007F0631 /* Debug */ = {
			isa = XCBuildConfiguration;
			buildSettings = {
				ALWAYS_SEARCH_USER_PATHS = NO;
				CLANG_ANALYZER_NONNULL = YES;
				CLANG_ANALYZER_NUMBER_OBJECT_CONVERSION = YES_AGGRESSIVE;
				CLANG_CXX_LANGUAGE_STANDARD = "gnu++17";
				CLANG_ENABLE_MODULES = YES;
				CLANG_ENABLE_OBJC_ARC = YES;
				CLANG_ENABLE_OBJC_WEAK = YES;
				CLANG_WARN_BLOCK_CAPTURE_AUTORELEASING = YES;
				CLANG_WARN_BOOL_CONVERSION = YES;
				CLANG_WARN_COMMA = YES;
				CLANG_WARN_CONSTANT_CONVERSION = YES;
				CLANG_WARN_DEPRECATED_OBJC_IMPLEMENTATIONS = YES;
				CLANG_WARN_DIRECT_OBJC_ISA_USAGE = YES_ERROR;
				CLANG_WARN_DOCUMENTATION_COMMENTS = YES;
				CLANG_WARN_EMPTY_BODY = YES;
				CLANG_WARN_ENUM_CONVERSION = YES;
				CLANG_WARN_INFINITE_RECURSION = YES;
				CLANG_WARN_INT_CONVERSION = YES;
				CLANG_WARN_NON_LITERAL_NULL_CONVERSION = YES;
				CLANG_WARN_OBJC_IMPLICIT_RETAIN_SELF = YES;
				CLANG_WARN_OBJC_LITERAL_CONVERSION = YES;
				CLANG_WARN_OBJC_ROOT_CLASS = YES_ERROR;
				CLANG_WARN_QUOTED_INCLUDE_IN_FRAMEWORK_HEADER = YES;
				CLANG_WARN_RANGE_LOOP_ANALYSIS = YES;
				CLANG_WARN_STRICT_PROTOTYPES = YES;
				CLANG_WARN_SUSPICIOUS_MOVE = YES;
				CLANG_WARN_UNGUARDED_AVAILABILITY = YES_AGGRESSIVE;
				CLANG_WARN_UNREACHABLE_CODE = YES;
				CLANG_WARN__DUPLICATE_METHOD_MATCH = YES;
				COPY_PHASE_STRIP = NO;
				DEBUG_INFORMATION_FORMAT = dwarf;
				ENABLE_STRICT_OBJC_MSGSEND = YES;
				ENABLE_TESTABILITY = YES;
				GCC_C_LANGUAGE_STANDARD = gnu11;
				GCC_DYNAMIC_NO_PIC = NO;
				GCC_NO_COMMON_BLOCKS = YES;
				GCC_OPTIMIZATION_LEVEL = 0;
				GCC_PREPROCESSOR_DEFINITIONS = (
					"DEBUG=1",
					"$(inherited)",
				);
				GCC_WARN_64_TO_32_BIT_CONVERSION = YES;
				GCC_WARN_ABOUT_RETURN_TYPE = YES_ERROR;
				GCC_WARN_UNDECLARED_SELECTOR = YES;
				GCC_WARN_UNINITIALIZED_AUTOS = YES_AGGRESSIVE;
				GCC_WARN_UNUSED_FUNCTION = YES;
				GCC_WARN_UNUSED_VARIABLE = YES;
				IPHONEOS_DEPLOYMENT_TARGET = 15.5;
				MTL_ENABLE_DEBUG_INFO = INCLUDE_SOURCE;
				MTL_FAST_MATH = YES;
				ONLY_ACTIVE_ARCH = YES;
				SDKROOT = iphoneos;
				SWIFT_ACTIVE_COMPILATION_CONDITIONS = DEBUG;
				SWIFT_OPTIMIZATION_LEVEL = "-Onone";
			};
			name = Debug;
		};
		0477F58B28BBAA02007F0631 /* Release */ = {
			isa = XCBuildConfiguration;
			buildSettings = {
				ALWAYS_SEARCH_USER_PATHS = NO;
				CLANG_ANALYZER_NONNULL = YES;
				CLANG_ANALYZER_NUMBER_OBJECT_CONVERSION = YES_AGGRESSIVE;
				CLANG_CXX_LANGUAGE_STANDARD = "gnu++17";
				CLANG_ENABLE_MODULES = YES;
				CLANG_ENABLE_OBJC_ARC = YES;
				CLANG_ENABLE_OBJC_WEAK = YES;
				CLANG_WARN_BLOCK_CAPTURE_AUTORELEASING = YES;
				CLANG_WARN_BOOL_CONVERSION = YES;
				CLANG_WARN_COMMA = YES;
				CLANG_WARN_CONSTANT_CONVERSION = YES;
				CLANG_WARN_DEPRECATED_OBJC_IMPLEMENTATIONS = YES;
				CLANG_WARN_DIRECT_OBJC_ISA_USAGE = YES_ERROR;
				CLANG_WARN_DOCUMENTATION_COMMENTS = YES;
				CLANG_WARN_EMPTY_BODY = YES;
				CLANG_WARN_ENUM_CONVERSION = YES;
				CLANG_WARN_INFINITE_RECURSION = YES;
				CLANG_WARN_INT_CONVERSION = YES;
				CLANG_WARN_NON_LITERAL_NULL_CONVERSION = YES;
				CLANG_WARN_OBJC_IMPLICIT_RETAIN_SELF = YES;
				CLANG_WARN_OBJC_LITERAL_CONVERSION = YES;
				CLANG_WARN_OBJC_ROOT_CLASS = YES_ERROR;
				CLANG_WARN_QUOTED_INCLUDE_IN_FRAMEWORK_HEADER = YES;
				CLANG_WARN_RANGE_LOOP_ANALYSIS = YES;
				CLANG_WARN_STRICT_PROTOTYPES = YES;
				CLANG_WARN_SUSPICIOUS_MOVE = YES;
				CLANG_WARN_UNGUARDED_AVAILABILITY = YES_AGGRESSIVE;
				CLANG_WARN_UNREACHABLE_CODE = YES;
				CLANG_WARN__DUPLICATE_METHOD_MATCH = YES;
				COPY_PHASE_STRIP = NO;
				DEBUG_INFORMATION_FORMAT = "dwarf-with-dsym";
				ENABLE_NS_ASSERTIONS = NO;
				ENABLE_STRICT_OBJC_MSGSEND = YES;
				GCC_C_LANGUAGE_STANDARD = gnu11;
				GCC_NO_COMMON_BLOCKS = YES;
				GCC_WARN_64_TO_32_BIT_CONVERSION = YES;
				GCC_WARN_ABOUT_RETURN_TYPE = YES_ERROR;
				GCC_WARN_UNDECLARED_SELECTOR = YES;
				GCC_WARN_UNINITIALIZED_AUTOS = YES_AGGRESSIVE;
				GCC_WARN_UNUSED_FUNCTION = YES;
				GCC_WARN_UNUSED_VARIABLE = YES;
				IPHONEOS_DEPLOYMENT_TARGET = 15.5;
				MTL_ENABLE_DEBUG_INFO = NO;
				MTL_FAST_MATH = YES;
				SDKROOT = iphoneos;
				SWIFT_COMPILATION_MODE = wholemodule;
				SWIFT_OPTIMIZATION_LEVEL = "-O";
				VALIDATE_PRODUCT = YES;
			};
			name = Release;
		};
		0477F58D28BBAA02007F0631 /* Debug */ = {
			isa = XCBuildConfiguration;
			buildSettings = {
				ASSETCATALOG_COMPILER_APPICON_NAME = AppIcon;
				ASSETCATALOG_COMPILER_GLOBAL_ACCENT_COLOR_NAME = AccentColor;
				CODE_SIGN_STYLE = Automatic;
				CURRENT_PROJECT_VERSION = 1;
				GENERATE_INFOPLIST_FILE = YES;
				INFOPLIST_FILE = OrderFood/Info.plist;
				INFOPLIST_KEY_UIApplicationSupportsIndirectInputEvents = YES;
				INFOPLIST_KEY_UILaunchStoryboardName = LaunchScreen;
				INFOPLIST_KEY_UIMainStoryboardFile = Main;
				INFOPLIST_KEY_UISupportedInterfaceOrientations_iPad = "UIInterfaceOrientationPortrait UIInterfaceOrientationPortraitUpsideDown UIInterfaceOrientationLandscapeLeft UIInterfaceOrientationLandscapeRight";
				INFOPLIST_KEY_UISupportedInterfaceOrientations_iPhone = "UIInterfaceOrientationPortrait UIInterfaceOrientationLandscapeLeft UIInterfaceOrientationLandscapeRight";
				LD_RUNPATH_SEARCH_PATHS = (
					"$(inherited)",
					"@executable_path/Frameworks",
				);
				MARKETING_VERSION = 1.0;
				PRODUCT_BUNDLE_IDENTIFIER = com.firstApp.OrderFood;
				PRODUCT_NAME = "$(TARGET_NAME)";
				SWIFT_EMIT_LOC_STRINGS = YES;
				SWIFT_VERSION = 5.0;
				TARGETED_DEVICE_FAMILY = "1,2";
			};
			name = Debug;
		};
		0477F58E28BBAA02007F0631 /* Release */ = {
			isa = XCBuildConfiguration;
			buildSettings = {
				ASSETCATALOG_COMPILER_APPICON_NAME = AppIcon;
				ASSETCATALOG_COMPILER_GLOBAL_ACCENT_COLOR_NAME = AccentColor;
				CODE_SIGN_STYLE = Automatic;
				CURRENT_PROJECT_VERSION = 1;
				GENERATE_INFOPLIST_FILE = YES;
				INFOPLIST_FILE = OrderFood/Info.plist;
				INFOPLIST_KEY_UIApplicationSupportsIndirectInputEvents = YES;
				INFOPLIST_KEY_UILaunchStoryboardName = LaunchScreen;
				INFOPLIST_KEY_UIMainStoryboardFile = Main;
				INFOPLIST_KEY_UISupportedInterfaceOrientations_iPad = "UIInterfaceOrientationPortrait UIInterfaceOrientationPortraitUpsideDown UIInterfaceOrientationLandscapeLeft UIInterfaceOrientationLandscapeRight";
				INFOPLIST_KEY_UISupportedInterfaceOrientations_iPhone = "UIInterfaceOrientationPortrait UIInterfaceOrientationLandscapeLeft UIInterfaceOrientationLandscapeRight";
				LD_RUNPATH_SEARCH_PATHS = (
					"$(inherited)",
					"@executable_path/Frameworks",
				);
				MARKETING_VERSION = 1.0;
				PRODUCT_BUNDLE_IDENTIFIER = com.firstApp.OrderFood;
				PRODUCT_NAME = "$(TARGET_NAME)";
				SWIFT_EMIT_LOC_STRINGS = YES;
				SWIFT_VERSION = 5.0;
				TARGETED_DEVICE_FAMILY = "1,2";
			};
			name = Release;
		};
		0477F59028BBAA02007F0631 /* Debug */ = {
			isa = XCBuildConfiguration;
			buildSettings = {
				ALWAYS_EMBED_SWIFT_STANDARD_LIBRARIES = YES;
				BUNDLE_LOADER = "$(TEST_HOST)";
				CODE_SIGN_STYLE = Automatic;
				CURRENT_PROJECT_VERSION = 1;
				GENERATE_INFOPLIST_FILE = YES;
				IPHONEOS_DEPLOYMENT_TARGET = 15.5;
				MARKETING_VERSION = 1.0;
				PRODUCT_BUNDLE_IDENTIFIER = com.firstApp.OrderFoodTests;
				PRODUCT_NAME = "$(TARGET_NAME)";
				SWIFT_EMIT_LOC_STRINGS = NO;
				SWIFT_VERSION = 5.0;
				TARGETED_DEVICE_FAMILY = "1,2";
				TEST_HOST = "$(BUILT_PRODUCTS_DIR)/OrderFood.app/OrderFood";
			};
			name = Debug;
		};
		0477F59128BBAA02007F0631 /* Release */ = {
			isa = XCBuildConfiguration;
			buildSettings = {
				ALWAYS_EMBED_SWIFT_STANDARD_LIBRARIES = YES;
				BUNDLE_LOADER = "$(TEST_HOST)";
				CODE_SIGN_STYLE = Automatic;
				CURRENT_PROJECT_VERSION = 1;
				GENERATE_INFOPLIST_FILE = YES;
				IPHONEOS_DEPLOYMENT_TARGET = 15.5;
				MARKETING_VERSION = 1.0;
				PRODUCT_BUNDLE_IDENTIFIER = com.firstApp.OrderFoodTests;
				PRODUCT_NAME = "$(TARGET_NAME)";
				SWIFT_EMIT_LOC_STRINGS = NO;
				SWIFT_VERSION = 5.0;
				TARGETED_DEVICE_FAMILY = "1,2";
				TEST_HOST = "$(BUILT_PRODUCTS_DIR)/OrderFood.app/OrderFood";
			};
			name = Release;
		};
		0477F59328BBAA02007F0631 /* Debug */ = {
			isa = XCBuildConfiguration;
			buildSettings = {
				ALWAYS_EMBED_SWIFT_STANDARD_LIBRARIES = YES;
				CODE_SIGN_STYLE = Automatic;
				CURRENT_PROJECT_VERSION = 1;
				GENERATE_INFOPLIST_FILE = YES;
				MARKETING_VERSION = 1.0;
				PRODUCT_BUNDLE_IDENTIFIER = com.firstApp.OrderFoodUITests;
				PRODUCT_NAME = "$(TARGET_NAME)";
				SWIFT_EMIT_LOC_STRINGS = NO;
				SWIFT_VERSION = 5.0;
				TARGETED_DEVICE_FAMILY = "1,2";
				TEST_TARGET_NAME = OrderFood;
			};
			name = Debug;
		};
		0477F59428BBAA02007F0631 /* Release */ = {
			isa = XCBuildConfiguration;
			buildSettings = {
				ALWAYS_EMBED_SWIFT_STANDARD_LIBRARIES = YES;
				CODE_SIGN_STYLE = Automatic;
				CURRENT_PROJECT_VERSION = 1;
				GENERATE_INFOPLIST_FILE = YES;
				MARKETING_VERSION = 1.0;
				PRODUCT_BUNDLE_IDENTIFIER = com.firstApp.OrderFoodUITests;
				PRODUCT_NAME = "$(TARGET_NAME)";
				SWIFT_EMIT_LOC_STRINGS = NO;
				SWIFT_VERSION = 5.0;
				TARGETED_DEVICE_FAMILY = "1,2";
				TEST_TARGET_NAME = OrderFood;
			};
			name = Release;
		};
/* End XCBuildConfiguration section */

/* Begin XCConfigurationList section */
		0477F55D28BBAA00007F0631 /* Build configuration list for PBXProject "OrderFood" */ = {
			isa = XCConfigurationList;
			buildConfigurations = (
				0477F58A28BBAA02007F0631 /* Debug */,
				0477F58B28BBAA02007F0631 /* Release */,
			);
			defaultConfigurationIsVisible = 0;
			defaultConfigurationName = Release;
		};
		0477F58C28BBAA02007F0631 /* Build configuration list for PBXNativeTarget "OrderFood" */ = {
			isa = XCConfigurationList;
			buildConfigurations = (
				0477F58D28BBAA02007F0631 /* Debug */,
				0477F58E28BBAA02007F0631 /* Release */,
			);
			defaultConfigurationIsVisible = 0;
			defaultConfigurationName = Release;
		};
		0477F58F28BBAA02007F0631 /* Build configuration list for PBXNativeTarget "OrderFoodTests" */ = {
			isa = XCConfigurationList;
			buildConfigurations = (
				0477F59028BBAA02007F0631 /* Debug */,
				0477F59128BBAA02007F0631 /* Release */,
			);
			defaultConfigurationIsVisible = 0;
			defaultConfigurationName = Release;
		};
		0477F59228BBAA02007F0631 /* Build configuration list for PBXNativeTarget "OrderFoodUITests" */ = {
			isa = XCConfigurationList;
			buildConfigurations = (
				0477F59328BBAA02007F0631 /* Debug */,
				0477F59428BBAA02007F0631 /* Release */,
			);
			defaultConfigurationIsVisible = 0;
			defaultConfigurationName = Release;
		};
/* End XCConfigurationList section */
	};
	rootObject = 0477F55A28BBAA00007F0631 /* Project object */;
}
